
Microsoft Visual Studio Solution File, Format Version 12.00
# Visual Studio Version 17
VisualStudioVersion = 17.4.33213.308
MinimumVisualStudioVersion = 10.0.40219.1
Project("{FAE04EC0-301F-11D3-BF4B-00C04F79EFBC}") = "BDPrj", "BDPrj\BDPrj.csproj", "{08EFD825-90DA-42B3-A979-B313485CDF4C}"
EndProject
Global
	GlobalSection(SolutionConfigurationPlatforms) = preSolution
		Debug|Any CPU = Debug|Any CPU
		Release|Any CPU = Release|Any CPU
	EndGlobalSection
	GlobalSection(ProjectConfigurationPlatforms) = postSolution
		{08EFD825-90DA-42B3-A979-B313485CDF4C}.Debug|Any CPU.ActiveCfg = Debug|Any CPU
		{08EFD825-90DA-42B3-A979-B313485CDF4C}.Debug|Any CPU.Build.0 = Debug|Any CPU
		{08EFD825-90DA-42B3-A979-B313485CDF4C}.Release|Any CPU.ActiveCfg = Release|Any CPU
		{08EFD825-90DA-42B3-A979-B313485CDF4C}.Release|Any CPU.Build.0 = Release|Any CPU
	EndGlobalSection
	GlobalSection(SolutionProperties) = preSolution
		HideSolutionNode = FALSE
	EndGlobalSection
	GlobalSection(ExtensibilityGlobals) = postSolution
		SolutionGuid = {FB2BE7FC-ACE2-439A-94C4-78515D56202A}
	EndGlobalSection
EndGlobal
